// !$*UTF8*$!
{
	archiveVersion = 1;
	classes = {
	};
	objectVersion = 50;
	objects = {

/* Begin PBXBuildFile section */
		3D4E2AA7223F9AE000A7C089 /* AppDelegate.swift in Sources */ = {isa = PBXBuildFile; fileRef = 3D4E2AA6223F9AE000A7C089 /* AppDelegate.swift */; };
		3D4E2AA9223F9AE000A7C089 /* ViewController.swift in Sources */ = {isa = PBXBuildFile; fileRef = 3D4E2AA8223F9AE000A7C089 /* ViewController.swift */; };
		3D4E2AAC223F9AE000A7C089 /* Main.storyboard in Resources */ = {isa = PBXBuildFile; fileRef = 3D4E2AAA223F9AE000A7C089 /* Main.storyboard */; };
		3D4E2AAF223F9AE000A7C089 /* ProjektVyvojMobilnichAplikaci.xcdatamodeld in Sources */ = {isa = PBXBuildFile; fileRef = 3D4E2AAD223F9AE000A7C089 /* ProjektVyvojMobilnichAplikaci.xcdatamodeld */; };
		3D4E2AB1223F9AE100A7C089 /* Assets.xcassets in Resources */ = {isa = PBXBuildFile; fileRef = 3D4E2AB0223F9AE100A7C089 /* Assets.xcassets */; };
		3D4E2AB4223F9AE100A7C089 /* LaunchScreen.storyboard in Resources */ = {isa = PBXBuildFile; fileRef = 3D4E2AB2223F9AE100A7C089 /* LaunchScreen.storyboard */; };
		6C3FF28B224E018400B83CBD /* ArSceneViewController.swift in Sources */ = {isa = PBXBuildFile; fileRef = 6C3FF28A224E018400B83CBD /* ArSceneViewController.swift */; };
/* End PBXBuildFile section */

/* Begin PBXFileReference section */
		3D4E2AA3223F9AE000A7C089 /* ProjektVyvojMobilnichAplikaci.app */ = {isa = PBXFileReference; explicitFileType = wrapper.application; includeInIndex = 0; path = ProjektVyvojMobilnichAplikaci.app; sourceTree = BUILT_PRODUCTS_DIR; };
		3D4E2AA6223F9AE000A7C089 /* AppDelegate.swift */ = {isa = PBXFileReference; lastKnownFileType = sourcecode.swift; path = AppDelegate.swift; sourceTree = "<group>"; };
		3D4E2AA8223F9AE000A7C089 /* ViewController.swift */ = {isa = PBXFileReference; lastKnownFileType = sourcecode.swift; path = ViewController.swift; sourceTree = "<group>"; };
		3D4E2AAB223F9AE000A7C089 /* Base */ = {isa = PBXFileReference; lastKnownFileType = file.storyboard; name = Base; path = Base.lproj/Main.storyboard; sourceTree = "<group>"; };
		3D4E2AAE223F9AE000A7C089 /* ProjektVyvojMobilnichAplikaci.xcdatamodel */ = {isa = PBXFileReference; lastKnownFileType = wrapper.xcdatamodel; path = ProjektVyvojMobilnichAplikaci.xcdatamodel; sourceTree = "<group>"; };
		3D4E2AB0223F9AE100A7C089 /* Assets.xcassets */ = {isa = PBXFileReference; lastKnownFileType = folder.assetcatalog; path = Assets.xcassets; sourceTree = "<group>"; };
		3D4E2AB3223F9AE100A7C089 /* Base */ = {isa = PBXFileReference; lastKnownFileType = file.storyboard; name = Base; path = Base.lproj/LaunchScreen.storyboard; sourceTree = "<group>"; };
		3D4E2AB5223F9AE100A7C089 /* Info.plist */ = {isa = PBXFileReference; lastKnownFileType = text.plist.xml; path = Info.plist; sourceTree = "<group>"; };
		6C3FF28A224E018400B83CBD /* ArSceneViewController.swift */ = {isa = PBXFileReference; lastKnownFileType = sourcecode.swift; path = ArSceneViewController.swift; sourceTree = "<group>"; };
/* End PBXFileReference section */

/* Begin PBXFrameworksBuildPhase section */
		3D4E2AA0223F9AE000A7C089 /* Frameworks */ = {
			isa = PBXFrameworksBuildPhase;
			buildActionMask = 2147483647;
			files = (
			);
			runOnlyForDeploymentPostprocessing = 0;
		};
/* End PBXFrameworksBuildPhase section */

/* Begin PBXGroup section */
		3D4E2A9A223F9AE000A7C089 = {
			isa = PBXGroup;
			children = (
				3D4E2AA5223F9AE000A7C089 /* ProjektVyvojMobilnichAplikaci */,
				3D4E2AA4223F9AE000A7C089 /* Products */,
			);
			sourceTree = "<group>";
		};
		3D4E2AA4223F9AE000A7C089 /* Products */ = {
			isa = PBXGroup;
			children = (
				3D4E2AA3223F9AE000A7C089 /* ProjektVyvojMobilnichAplikaci.app */,
			);
			name = Products;
			sourceTree = "<group>";
		};
		3D4E2AA5223F9AE000A7C089 /* ProjektVyvojMobilnichAplikaci */ = {
			isa = PBXGroup;
			children = (
				3D4E2AA6223F9AE000A7C089 /* AppDelegate.swift */,
				3D4E2AA8223F9AE000A7C089 /* ViewController.swift */,
				3D4E2AAA223F9AE000A7C089 /* Main.storyboard */,
				3D4E2AB0223F9AE100A7C089 /* Assets.xcassets */,
				3D4E2AB2223F9AE100A7C089 /* LaunchScreen.storyboard */,
				3D4E2AB5223F9AE100A7C089 /* Info.plist */,
				3D4E2AAD223F9AE000A7C089 /* ProjektVyvojMobilnichAplikaci.xcdatamodeld */,
				6C3FF28A224E018400B83CBD /* ArSceneViewController.swift */,
			);
			path = ProjektVyvojMobilnichAplikaci;
			sourceTree = "<group>";
		};
/* End PBXGroup section */

/* Begin PBXNativeTarget section */
		3D4E2AA2223F9AE000A7C089 /* ProjektVyvojMobilnichAplikaci */ = {
			isa = PBXNativeTarget;
			buildConfigurationList = 3D4E2AB8223F9AE100A7C089 /* Build configuration list for PBXNativeTarget "ProjektVyvojMobilnichAplikaci" */;
			buildPhases = (
				3D4E2A9F223F9AE000A7C089 /* Sources */,
				3D4E2AA0223F9AE000A7C089 /* Frameworks */,
				3D4E2AA1223F9AE000A7C089 /* Resources */,
			);
			buildRules = (
			);
			dependencies = (
			);
			name = ProjektVyvojMobilnichAplikaci;
			productName = ProjektVyvojMobilnichAplikaci;
			productReference = 3D4E2AA3223F9AE000A7C089 /* ProjektVyvojMobilnichAplikaci.app */;
			productType = "com.apple.product-type.application";
		};
/* End PBXNativeTarget section */

/* Begin PBXProject section */
		3D4E2A9B223F9AE000A7C089 /* Project object */ = {
			isa = PBXProject;
			attributes = {
				LastSwiftUpdateCheck = 1010;
				LastUpgradeCheck = 1010;
				ORGANIZATIONNAME = "Lukas and Filip";
				TargetAttributes = {
					3D4E2AA2223F9AE000A7C089 = {
						CreatedOnToolsVersion = 10.1;
					};
				};
			};
			buildConfigurationList = 3D4E2A9E223F9AE000A7C089 /* Build configuration list for PBXProject "ProjektVyvojMobilnichAplikaci" */;
			compatibilityVersion = "Xcode 9.3";
			developmentRegion = en;
			hasScannedForEncodings = 0;
			knownRegions = (
				en,
				Base,
			);
			mainGroup = 3D4E2A9A223F9AE000A7C089;
			productRefGroup = 3D4E2AA4223F9AE000A7C089 /* Products */;
			projectDirPath = "";
			projectRoot = "";
			targets = (
				3D4E2AA2223F9AE000A7C089 /* ProjektVyvojMobilnichAplikaci */,
			);
		};
/* End PBXProject section */

/* Begin PBXResourcesBuildPhase section */
		3D4E2AA1223F9AE000A7C089 /* Resources */ = {
			isa = PBXResourcesBuildPhase;
			buildActionMask = 2147483647;
			files = (
				3D4E2AB4223F9AE100A7C089 /* LaunchScreen.storyboard in Resources */,
				3D4E2AB1223F9AE100A7C089 /* Assets.xcassets in Resources */,
				3D4E2AAC223F9AE000A7C089 /* Main.storyboard in Resources */,
			);
			runOnlyForDeploymentPostprocessing = 0;
		};
/* End PBXResourcesBuildPhase section */

/* Begin PBXSourcesBuildPhase section */
		3D4E2A9F223F9AE000A7C089 /* Sources */ = {
			isa = PBXSourcesBuildPhase;
			buildActionMask = 2147483647;
			files = (
				3D4E2AA9223F9AE000A7C089 /* ViewController.swift in Sources */,
				3D4E2AA7223F9AE000A7C089 /* AppDelegate.swift in Sources */,
				6C3FF28B224E018400B83CBD /* ArSceneViewController.swift in Sources */,
				3D4E2AAF223F9AE000A7C089 /* ProjektVyvojMobilnichAplikaci.xcdatamodeld in Sources */,
			);
			runOnlyForDeploymentPostprocessing = 0;
		};
/* End PBXSourcesBuildPhase section */

/* Begin PBXVariantGroup section */
		3D4E2AAA223F9AE000A7C089 /* Main.storyboard */ = {
			isa = PBXVariantGroup;
			children = (
				3D4E2AAB223F9AE000A7C089 /* Base */,
			);
			name = Main.storyboard;
			sourceTree = "<group>";
		};
		3D4E2AB2223F9AE100A7C089 /* LaunchScreen.storyboard */ = {
			isa = PBXVariantGroup;
			children = (
				3D4E2AB3223F9AE100A7C089 /* Base */,
			);
			name = LaunchScreen.storyboard;
			sourceTree = "<group>";
		};
/* End PBXVariantGroup section */

/* Begin XCBuildConfiguration section */
		3D4E2AB6223F9AE100A7C089 /* Debug */ = {
			isa = XCBuildConfiguration;
			buildSettings = {
				ALWAYS_SEARCH_USER_PATHS = NO;
				CLANG_ANALYZER_NONNULL = YES;
				CLANG_ANALYZER_NUMBER_OBJECT_CONVERSION = YES_AGGRESSIVE;
				CLANG_CXX_LANGUAGE_STANDARD = "gnu++14";
				CLANG_CXX_LIBRARY = "libc++";
				CLANG_ENABLE_MODULES = YES;
				CLANG_ENABLE_OBJC_ARC = YES;
				CLANG_ENABLE_OBJC_WEAK = YES;
				CLANG_WARN_BLOCK_CAPTURE_AUTORELEASING = YES;
				CLANG_WARN_BOOL_CONVERSION = YES;
				CLANG_WARN_COMMA = YES;
				CLANG_WARN_CONSTANT_CONVERSION = YES;
				CLANG_WARN_DEPRECATED_OBJC_IMPLEMENTATIONS = YES;
				CLANG_WARN_DIRECT_OBJC_ISA_USAGE = YES_ERROR;
				CLANG_WARN_DOCUMENTATION_COMMENTS = YES;
				CLANG_WARN_EMPTY_BODY = YES;
				CLANG_WARN_ENUM_CONVERSION = YES;
				CLANG_WARN_INFINITE_RECURSION = YES;
				CLANG_WARN_INT_CONVERSION = YES;
				CLANG_WARN_NON_LITERAL_NULL_CONVERSION = YES;
				CLANG_WARN_OBJC_IMPLICIT_RETAIN_SELF = YES;
				CLANG_WARN_OBJC_LITERAL_CONVERSION = YES;
				CLANG_WARN_OBJC_ROOT_CLASS = YES_ERROR;
				CLANG_WARN_RANGE_LOOP_ANALYSIS = YES;
				CLANG_WARN_STRICT_PROTOTYPES = YES;
				CLANG_WARN_SUSPICIOUS_MOVE = YES;
				CLANG_WARN_UNGUARDED_AVAILABILITY = YES_AGGRESSIVE;
				CLANG_WARN_UNREACHABLE_CODE = YES;
				CLANG_WARN__DUPLICATE_METHOD_MATCH = YES;
				CODE_SIGN_IDENTITY = "iPhone Developer";
				COPY_PHASE_STRIP = NO;
				DEBUG_INFORMATION_FORMAT = dwarf;
				ENABLE_STRICT_OBJC_MSGSEND = YES;
				ENABLE_TESTABILITY = YES;
				GCC_C_LANGUAGE_STANDARD = gnu11;
				GCC_DYNAMIC_NO_PIC = NO;
				GCC_NO_COMMON_BLOCKS = YES;
				GCC_OPTIMIZATION_LEVEL = 0;
				GCC_PREPROCESSOR_DEFINITIONS = (
					"DEBUG=1",
					"$(inherited)",
				);
				GCC_WARN_64_TO_32_BIT_CONVERSION = YES;
				GCC_WARN_ABOUT_RETURN_TYPE = YES_ERROR;
				GCC_WARN_UNDECLARED_SELECTOR = YES;
				GCC_WARN_UNINITIALIZED_AUTOS = YES_AGGRESSIVE;
				GCC_WARN_UNUSED_FUNCTION = YES;
				GCC_WARN_UNUSED_VARIABLE = YES;
				IPHONEOS_DEPLOYMENT_TARGET = 12.1;
				MTL_ENABLE_DEBUG_INFO = INCLUDE_SOURCE;
				MTL_FAST_MATH = YES;
				ONLY_ACTIVE_ARCH = YES;
				SDKROOT = iphoneos;
				SWIFT_ACTIVE_COMPILATION_CONDITIONS = DEBUG;
				SWIFT_OPTIMIZATION_LEVEL = "-Onone";
			};
			name = Debug;
		};
		3D4E2AB7223F9AE100A7C089 /* Release */ = {
			isa = XCBuildConfiguration;
			buildSettings = {
				ALWAYS_SEARCH_USER_PATHS = NO;
				CLANG_ANALYZER_NONNULL = YES;
				CLANG_ANALYZER_NUMBER_OBJECT_CONVERSION = YES_AGGRESSIVE;
				CLANG_CXX_LANGUAGE_STANDARD = "gnu++14";
				CLANG_CXX_LIBRARY = "libc++";
				CLANG_ENABLE_MODULES = YES;
				CLANG_ENABLE_OBJC_ARC = YES;
				CLANG_ENABLE_OBJC_WEAK = YES;
				CLANG_WARN_BLOCK_CAPTURE_AUTORELEASING = YES;
				CLANG_WARN_BOOL_CONVERSION = YES;
				CLANG_WARN_COMMA = YES;
				CLANG_WARN_CONSTANT_CONVERSION = YES;
				CLANG_WARN_DEPRECATED_OBJC_IMPLEMENTATIONS = YES;
				CLANG_WARN_DIRECT_OBJC_ISA_USAGE = YES_ERROR;
				CLANG_WARN_DOCUMENTATION_COMMENTS = YES;
				CLANG_WARN_EMPTY_BODY = YES;
				CLANG_WARN_ENUM_CONVERSION = YES;
				CLANG_WARN_INFINITE_RECURSION = YES;
				CLANG_WARN_INT_CONVERSION = YES;
				CLANG_WARN_NON_LITERAL_NULL_CONVERSION = YES;
				CLANG_WARN_OBJC_IMPLICIT_RETAIN_SELF = YES;
				CLANG_WARN_OBJC_LITERAL_CONVERSION = YES;
				CLANG_WARN_OBJC_ROOT_CLASS = YES_ERROR;
				CLANG_WARN_RANGE_LOOP_ANALYSIS = YES;
				CLANG_WARN_STRICT_PROTOTYPES = YES;
				CLANG_WARN_SUSPICIOUS_MOVE = YES;
				CLANG_WARN_UNGUARDED_AVAILABILITY = YES_AGGRESSIVE;
				CLANG_WARN_UNREACHABLE_CODE = YES;
				CLANG_WARN__DUPLICATE_METHOD_MATCH = YES;
				CODE_SIGN_IDENTITY = "iPhone Developer";
				COPY_PHASE_STRIP = NO;
				DEBUG_INFORMATION_FORMAT = "dwarf-with-dsym";
				ENABLE_NS_ASSERTIONS = NO;
				ENABLE_STRICT_OBJC_MSGSEND = YES;
				GCC_C_LANGUAGE_STANDARD = gnu11;
				GCC_NO_COMMON_BLOCKS = YES;
				GCC_WARN_64_TO_32_BIT_CONVERSION = YES;
				GCC_WARN_ABOUT_RETURN_TYPE = YES_ERROR;
				GCC_WARN_UNDECLARED_SELECTOR = YES;
				GCC_WARN_UNINITIALIZED_AUTOS = YES_AGGRESSIVE;
				GCC_WARN_UNUSED_FUNCTION = YES;
				GCC_WARN_UNUSED_VARIABLE = YES;
				IPHONEOS_DEPLOYMENT_TARGET = 12.1;
				MTL_ENABLE_DEBUG_INFO = NO;
				MTL_FAST_MATH = YES;
				SDKROOT = iphoneos;
				SWIFT_COMPILATION_MODE = wholemodule;
				SWIFT_OPTIMIZATION_LEVEL = "-O";
				VALIDATE_PRODUCT = YES;
			};
			name = Release;
		};
		3D4E2AB9223F9AE100A7C089 /* Debug */ = {
			isa = XCBuildConfiguration;
			buildSettings = {
				ASSETCATALOG_COMPILER_APPICON_NAME = AppIcon;
				CODE_SIGN_STYLE = Automatic;
				DEVELOPMENT_TEAM = BKEXNUMFSP;
				INFOPLIST_FILE = ProjektVyvojMobilnichAplikaci/Info.plist;
				LD_RUNPATH_SEARCH_PATHS = (
					"$(inherited)",
					"@executable_path/Frameworks",
				);
				PRODUCT_BUNDLE_IDENTIFIER = cz.muni.lukasandfilip.ProjektVyvojMobilnichAplikaci.;
				PRODUCT_NAME = "$(TARGET_NAME)";
				SWIFT_VERSION = 4.2;
				TARGETED_DEVICE_FAMILY = "1,2";
			};
			name = Debug;
		};
		3D4E2ABA223F9AE100A7C089 /* Release */ = {
			isa = XCBuildConfiguration;
			buildSettings = {
				ASSETCATALOG_COMPILER_APPICON_NAME = AppIcon;
				CODE_SIGN_STYLE = Automatic;
				DEVELOPMENT_TEAM = BKEXNUMFSP;
				INFOPLIST_FILE = ProjektVyvojMobilnichAplikaci/Info.plist;
				LD_RUNPATH_SEARCH_PATHS = (
					"$(inherited)",
					"@executable_path/Frameworks",
				);
				PRODUCT_BUNDLE_IDENTIFIER = cz.muni.lukasandfilip.ProjektVyvojMobilnichAplikaci.;
				PRODUCT_NAME = "$(TARGET_NAME)";
				SWIFT_VERSION = 4.2;
				TARGETED_DEVICE_FAMILY = "1,2";
			};
			name = Release;
		};
/* End XCBuildConfiguration section */

/* Begin XCConfigurationList section */
		3D4E2A9E223F9AE000A7C089 /* Build configuration list for PBXProject "ProjektVyvojMobilnichAplikaci" */ = {
			isa = XCConfigurationList;
			buildConfigurations = (
				3D4E2AB6223F9AE100A7C089 /* Debug */,
				3D4E2AB7223F9AE100A7C089 /* Release */,
			);
			defaultConfigurationIsVisible = 0;
			defaultConfigurationName = Release;
		};
		3D4E2AB8223F9AE100A7C089 /* Build configuration list for PBXNativeTarget "ProjektVyvojMobilnichAplikaci" */ = {
			isa = XCConfigurationList;
			buildConfigurations = (
				3D4E2AB9223F9AE100A7C089 /* Debug */,
				3D4E2ABA223F9AE100A7C089 /* Release */,
			);
			defaultConfigurationIsVisible = 0;
			defaultConfigurationName = Release;
		};
/* End XCConfigurationList section */

/* Begin XCVersionGroup section */
		3D4E2AAD223F9AE000A7C089 /* ProjektVyvojMobilnichAplikaci.xcdatamodeld */ = {
			isa = XCVersionGroup;
			children = (
				3D4E2AAE223F9AE000A7C089 /* ProjektVyvojMobilnichAplikaci.xcdatamodel */,
			);
			currentVersion = 3D4E2AAE223F9AE000A7C089 /* ProjektVyvojMobilnichAplikaci.xcdatamodel */;
			path = ProjektVyvojMobilnichAplikaci.xcdatamodeld;
			sourceTree = "<group>";
			versionGroupType = wrapper.xcdatamodel;
		};
/* End XCVersionGroup section */
	};
	rootObject = 3D4E2A9B223F9AE000A7C089 /* Project object */;
}
